
Microsoft Visual Studio Solution File, Format Version 12.00
# Visual Studio Version 16
VisualStudioVersion = 16.0.31515.178
MinimumVisualStudioVersion = 10.0.40219.1
Project("{FAE04EC0-301F-11D3-BF4B-00C04F79EFBC}") = "Cookbook", "Cookbook\Cookbook.csproj", "{3E1F31D4-AAC0-458A-9369-89421B77FBEF}"
EndProject
Global
	GlobalSection(SolutionConfigurationPlatforms) = preSolution
		Debug|Any CPU = Debug|Any CPU
		Release|Any CPU = Release|Any CPU
	EndGlobalSection
	GlobalSection(ProjectConfigurationPlatforms) = postSolution
		{3E1F31D4-AAC0-458A-9369-89421B77FBEF}.Debug|Any CPU.ActiveCfg = Debug|Any CPU
		{3E1F31D4-AAC0-458A-9369-89421B77FBEF}.Debug|Any CPU.Build.0 = Debug|Any CPU
		{3E1F31D4-AAC0-458A-9369-89421B77FBEF}.Release|Any CPU.ActiveCfg = Release|Any CPU
		{3E1F31D4-AAC0-458A-9369-89421B77FBEF}.Release|Any CPU.Build.0 = Release|Any CPU
	EndGlobalSection
	GlobalSection(SolutionProperties) = preSolution
		HideSolutionNode = FALSE
	EndGlobalSection
	GlobalSection(ExtensibilityGlobals) = postSolution
		SolutionGuid = {F1628C7D-D6D1-44D8-AF4E-720DAD80E3D4}
	EndGlobalSection
EndGlobal
